
Microsoft Visual Studio Solution File, Format Version 12.00
# Visual Studio Version 16
VisualStudioVersion = 16.0.32228.343
MinimumVisualStudioVersion = 10.0.40219.1
Project("{FAE04EC0-301F-11D3-BF4B-00C04F79EFBC}") = "SampleWebAPI", "SampleWebAPI\SampleWebAPI.csproj", "{49F128EE-32AA-4106-8089-7C3A3F4D31FB}"
EndProject
Global
	GlobalSection(SolutionConfigurationPlatforms) = preSolution
		Debug|Any CPU = Debug|Any CPU
		Release|Any CPU = Release|Any CPU
	EndGlobalSection
	GlobalSection(ProjectConfigurationPlatforms) = postSolution
		{49F128EE-32AA-4106-8089-7C3A3F4D31FB}.Debug|Any CPU.ActiveCfg = Debug|Any CPU
		{49F128EE-32AA-4106-8089-7C3A3F4D31FB}.Debug|Any CPU.Build.0 = Debug|Any CPU
		{49F128EE-32AA-4106-8089-7C3A3F4D31FB}.Release|Any CPU.ActiveCfg = Release|Any CPU
		{49F128EE-32AA-4106-8089-7C3A3F4D31FB}.Release|Any CPU.Build.0 = Release|Any CPU
	EndGlobalSection
	GlobalSection(SolutionProperties) = preSolution
		HideSolutionNode = FALSE
	EndGlobalSection
	GlobalSection(ExtensibilityGlobals) = postSolution
		SolutionGuid = {E9467186-116A-4A7B-8AE1-10F49D8DCAB5}
	EndGlobalSection
EndGlobal
